<?xml version="1.0" encoding="utf-8"?>
<Project ToolsVersion="4.0" xmlns="http://schemas.microsoft.com/developer/msbuild/2003">
  <ItemGroup>
    <Filter Include="源文件">
      <UniqueIdentifier>{4FC737F1-C7A5-4376-A066-2A32D752A2FF}</UniqueIdentifier>
      <Extensions>cpp;c;cc;cxx;def;odl;idl;hpj;bat;asm;asmx</Extensions>
    </Filter>
    <Filter Include="头文件">
      <UniqueIdentifier>{93995380-89BD-4b04-88EB-625FBE52EBFB}</UniqueIdentifier>
      <Extensions>h;hh;hpp;hxx;hm;inl;inc;xsd</Extensions>
    </Filter>
    <Filter Include="资源文件">
      <UniqueIdentifier>{67DA6AB6-F800-4c08-8B7A-83BB121AAD01}</UniqueIdentifier>
      <Extensions>rc;ico;cur;bmp;dlg;rc2;rct;bin;rgs;gif;jpg;jpeg;jpe;resx;tiff;tif;png;wav;mfcribbon-ms</Extensions>
    </Filter>
  </ItemGroup>
  <ItemGroup>
    <ClInclude Include="..\Application\inc\KDApp.h">
      <Filter>头文件</Filter>
    </ClInclude>
    <ClInclude Include="..\Intermedium\osext\inc\OSDefs.h">
      <Filter>头文件</Filter>
    </ClInclude>
    <ClInclude Include="..\Intermedium\osext\inc\OSDispatcher.h">
      <Filter>头文件</Filter>
    </ClInclude>
    <ClInclude Include="..\Intermedium\osext\inc\OSDispatcherEx.h">
      <Filter>头文件</Filter>
    </ClInclude>
    <ClInclude Include="..\Intermedium\osext\inc\OSHeartbeat.h">
      <Filter>头文件</Filter>
    </ClInclude>
    <ClInclude Include="..\Intermedium\osext\inc\OSMessageBase.h">
      <Filter>头文件</Filter>
    </ClInclude>
    <ClInclude Include="..\Intermedium\osext\inc\OSThread.h">
      <Filter>头文件</Filter>
    </ClInclude>
    <ClInclude Include="..\Intermedium\osext\inc\OSThreadEx.h">
      <Filter>头文件</Filter>
    </ClInclude>
    <ClInclude Include="..\Intermedium\osext\inc\OSThreadPool.h">
      <Filter>头文件</Filter>
    </ClInclude>
    <ClInclude Include="..\Intermedium\osext\inc\ThreadPool.hpp">
      <Filter>头文件</Filter>
    </ClInclude>
    <ClInclude Include="..\Intermedium\syscil\inc\CILDevice.h">
      <Filter>头文件</Filter>
    </ClInclude>
    <ClInclude Include="..\Intermedium\syscil\inc\CILDispatcher.h">
      <Filter>头文件</Filter>
    </ClInclude>
    <ClInclude Include="..\Intermedium\syscil\inc\CILPacket.h">
      <Filter>头文件</Filter>
    </ClInclude>
    <ClInclude Include="..\Intermedium\syscil\inc\CILPacketFactory.h">
      <Filter>头文件</Filter>
    </ClInclude>
    <ClInclude Include="..\Intermedium\syscil\inc\CILPacketFactoryImpl.h">
      <Filter>头文件</Filter>
    </ClInclude>
    <ClInclude Include="..\Intermedium\syscil\inc\CILRequest.h">
      <Filter>头文件</Filter>
    </ClInclude>
    <ClInclude Include="..\Intermedium\syscil\inc\CILSchedule.h">
      <Filter>头文件</Filter>
    </ClInclude>
    <ClInclude Include="..\Intermedium\syscil\inc\CILService.h">
      <Filter>头文件</Filter>
    </ClInclude>
    <ClInclude Include="..\Intermedium\utils\inc\Any.hpp">
      <Filter>头文件</Filter>
    </ClInclude>
    <ClInclude Include="..\Intermedium\utils\inc\CircleBuff.h">
      <Filter>头文件</Filter>
    </ClInclude>
    <ClInclude Include="..\Intermedium\utils\inc\CommCommand.hpp">
      <Filter>头文件</Filter>
    </ClInclude>
    <ClInclude Include="..\Intermedium\utils\inc\Components.hpp">
      <Filter>头文件</Filter>
    </ClInclude>
    <ClInclude Include="..\Intermedium\utils\inc\CounteBase.hpp">
      <Filter>头文件</Filter>
    </ClInclude>
    <ClInclude Include="..\Intermedium\utils\inc\DynClass.hpp">
      <Filter>头文件</Filter>
    </ClInclude>
    <ClInclude Include="..\Intermedium\utils\inc\Events.hpp">
      <Filter>头文件</Filter>
    </ClInclude>
    <ClInclude Include="..\Intermedium\utils\inc\Fibonacci.hpp">
      <Filter>头文件</Filter>
    </ClInclude>
    <ClInclude Include="..\Intermedium\utils\inc\MemPool.hpp">
      <Filter>头文件</Filter>
    </ClInclude>
    <ClInclude Include="..\Intermedium\utils\inc\Multiton.hpp">
      <Filter>头文件</Filter>
    </ClInclude>
    <ClInclude Include="..\Intermedium\utils\inc\MyString.hpp">
      <Filter>头文件</Filter>
    </ClInclude>
    <ClInclude Include="..\Intermedium\utils\inc\ObjectPool.hpp">
      <Filter>头文件</Filter>
    </ClInclude>
    <ClInclude Include="..\Intermedium\utils\inc\Optional.hpp">
      <Filter>头文件</Filter>
    </ClInclude>
    <ClInclude Include="..\Intermedium\utils\inc\Point.hpp">
      <Filter>头文件</Filter>
    </ClInclude>
    <ClInclude Include="..\Intermedium\utils\inc\Range.hpp">
      <Filter>头文件</Filter>
    </ClInclude>
    <ClInclude Include="..\Intermedium\utils\inc\Restriction.hpp">
      <Filter>头文件</Filter>
    </ClInclude>
    <ClInclude Include="..\Intermedium\utils\inc\SimpleSyncQueue.hpp">
      <Filter>头文件</Filter>
    </ClInclude>
    <ClInclude Include="..\Intermedium\utils\inc\Singleton.hpp">
      <Filter>头文件</Filter>
    </ClInclude>
    <ClInclude Include="..\Intermedium\utils\inc\SyncQueue.hpp">
      <Filter>头文件</Filter>
    </ClInclude>
    <ClInclude Include="..\Intermedium\utils\inc\Timer.hpp">
      <Filter>头文件</Filter>
    </ClInclude>
  </ItemGroup>
  <ItemGroup>
    <ClCompile Include="..\Application\src\KDApp.cpp">
      <Filter>源文件</Filter>
    </ClCompile>
    <ClCompile Include="..\Application\src\Main.cpp">
      <Filter>源文件</Filter>
    </ClCompile>
    <ClCompile Include="..\Intermedium\osext\src\OSDispatcher.cpp">
      <Filter>源文件</Filter>
    </ClCompile>
    <ClCompile Include="..\Intermedium\osext\src\OSDispatcherEx.cpp">
      <Filter>源文件</Filter>
    </ClCompile>
    <ClCompile Include="..\Intermedium\osext\src\OSHeartbeat.cpp">
      <Filter>源文件</Filter>
    </ClCompile>
    <ClCompile Include="..\Intermedium\osext\src\OSMessageBase.cpp">
      <Filter>源文件</Filter>
    </ClCompile>
    <ClCompile Include="..\Intermedium\osext\src\OSThread.cpp">
      <Filter>源文件</Filter>
    </ClCompile>
    <ClCompile Include="..\Intermedium\osext\src\OSThreadEx.cpp">
      <Filter>源文件</Filter>
    </ClCompile>
    <ClCompile Include="..\Intermedium\osext\src\OSThreadPool.cpp">
      <Filter>源文件</Filter>
    </ClCompile>
    <ClCompile Include="..\Intermedium\syscil\src\CILDevice.cpp">
      <Filter>源文件</Filter>
    </ClCompile>
    <ClCompile Include="..\Intermedium\syscil\src\CILDispatcher.cpp">
      <Filter>源文件</Filter>
    </ClCompile>
    <ClCompile Include="..\Intermedium\syscil\src\CILPacket.cpp">
      <Filter>源文件</Filter>
    </ClCompile>
    <ClCompile Include="..\Intermedium\syscil\src\CILPacketFactory.cpp">
      <Filter>源文件</Filter>
    </ClCompile>
    <ClCompile Include="..\Intermedium\syscil\src\CILRequest.cpp">
      <Filter>源文件</Filter>
    </ClCompile>
    <ClCompile Include="..\Intermedium\syscil\src\CILSchedule.cpp">
      <Filter>源文件</Filter>
    </ClCompile>
    <ClCompile Include="..\Intermedium\syscil\src\CILService.cpp">
      <Filter>源文件</Filter>
    </ClCompile>
    <ClCompile Include="..\Intermedium\utils\inc\Stack.cpp">
      <Filter>源文件</Filter>
    </ClCompile>
    <ClCompile Include="..\Intermedium\utils\src\Algorithm.cpp">
      <Filter>源文件</Filter>
    </ClCompile>
    <ClCompile Include="..\Intermedium\utils\src\CircleBuff.cpp">
      <Filter>源文件</Filter>
    </ClCompile>
    <ClCompile Include="..\Intermedium\utils\src\DynClass.cpp">
      <Filter>源文件</Filter>
    </ClCompile>
    <ClCompile Include="..\Intermedium\utils\src\MyString.cpp">
      <Filter>源文件</Filter>
    </ClCompile>
    <ClCompile Include="..\Intermedium\utils\src\RightReference.cpp">
      <Filter>源文件</Filter>
    </ClCompile>
  </ItemGroup>
</Project>